# This file was autogenerated by Stack.
# You should not edit this file by hand.
# For more information, please see the documentation at:
#   https://docs.haskellstack.org/en/stable/topics/lock_files

packages:
- completed:
    commit: c5a33e3d6331b7d81b5204eb0620561d8f811040
    git: https://github.com/factisresearch/cryptostore.git
    name: cryptostore
    pantry-tree:
      sha256: 3204d6dba12362aa1a72f9fe0e40a094967d331b15f51b4a70f33629d64602e6
      size: 8885
    version: 0.4.0.0
  original:
    commit: c5a33e3d6331b7d81b5204eb0620561d8f811040
    git: https://github.com/factisresearch/cryptostore.git
snapshots:
- completed:
    sha256: aa97dce5253937e4aa56100a0a9dc1f79a554cf543ad7cfab0afe6ed42de2f31
    size: 724941
    url: https://raw.githubusercontent.com/commercialhaskell/stackage-snapshots/master/lts/24/3.yaml
  original: lts-24.3
